// !$*UTF8*$!
{
	archiveVersion = 1;
	classes = {
	};
	objectVersion = 46;
	objects = {

/* Begin PBXBuildFile section */
		188EE7351B208AE2008D002C /* AppDelegate.swift in Sources */ = {isa = PBXBuildFile; fileRef = 188EE7341B208AE2008D002C /* AppDelegate.swift */; };
		188EE7371B208AE2008D002C /* ViewController.swift in Sources */ = {isa = PBXBuildFile; fileRef = 188EE7361B208AE2008D002C /* ViewController.swift */; };
		188EE73A1B208AE2008D002C /* Main.storyboard in Resources */ = {isa = PBXBuildFile; fileRef = 188EE7381B208AE2008D002C /* Main.storyboard */; };
		188EE73C1B208AE2008D002C /* Images.xcassets in Resources */ = {isa = PBXBuildFile; fileRef = 188EE73B1B208AE2008D002C /* Images.xcassets */; };
		188EE73F1B208AE2008D002C /* LaunchScreen.xib in Resources */ = {isa = PBXBuildFile; fileRef = 188EE73D1B208AE2008D002C /* LaunchScreen.xib */; };
		188EE74B1B208AE2008D002C /* XianTooTests.swift in Sources */ = {isa = PBXBuildFile; fileRef = 188EE74A1B208AE2008D002C /* XianTooTests.swift */; };
		18BEA10F1B27370D00AAF580 /* CategoryController.swift in Sources */ = {isa = PBXBuildFile; fileRef = 18BEA10E1B27370D00AAF580 /* CategoryController.swift */; };
		18BEA1111B27372A00AAF580 /* SearchController.swift in Sources */ = {isa = PBXBuildFile; fileRef = 18BEA1101B27372A00AAF580 /* SearchController.swift */; };
		18BEA1131B27374500AAF580 /* UserController.swift in Sources */ = {isa = PBXBuildFile; fileRef = 18BEA1121B27374500AAF580 /* UserController.swift */; };
		18BEA1151B27378E00AAF580 /* ShopCartController.swift in Sources */ = {isa = PBXBuildFile; fileRef = 18BEA1141B27378E00AAF580 /* ShopCartController.swift */; };
		18BEA11A1B287B5E00AAF580 /* list_blue_tab.png in Resources */ = {isa = PBXBuildFile; fileRef = 18BEA1191B287B5E00AAF580 /* list_blue_tab.png */; };
		18BEA1381B2890DE00AAF580 /* wm_tabbar_cart1_new@2x.png in Resources */ = {isa = PBXBuildFile; fileRef = 18BEA1241B2890DE00AAF580 /* wm_tabbar_cart1_new@2x.png */; };
		18BEA1391B2890DE00AAF580 /* wm_tabbar_cart1@2x.png in Resources */ = {isa = PBXBuildFile; fileRef = 18BEA1251B2890DE00AAF580 /* wm_tabbar_cart1@2x.png */; };
		18BEA13A1B2890DE00AAF580 /* wm_tabbar_cart2_new@2x.png in Resources */ = {isa = PBXBuildFile; fileRef = 18BEA1261B2890DE00AAF580 /* wm_tabbar_cart2_new@2x.png */; };
		18BEA13B1B2890DE00AAF580 /* wm_tabbar_cart2@2x.png in Resources */ = {isa = PBXBuildFile; fileRef = 18BEA1271B2890DE00AAF580 /* wm_tabbar_cart2@2x.png */; };
		18BEA13C1B2890DE00AAF580 /* wm_tabbar_class1_new@2x.png in Resources */ = {isa = PBXBuildFile; fileRef = 18BEA1281B2890DE00AAF580 /* wm_tabbar_class1_new@2x.png */; };
		18BEA13D1B2890DE00AAF580 /* wm_tabbar_class1@2x.png in Resources */ = {isa = PBXBuildFile; fileRef = 18BEA1291B2890DE00AAF580 /* wm_tabbar_class1@2x.png */; };
		18BEA13E1B2890DE00AAF580 /* wm_tabbar_class2_new@2x.png in Resources */ = {isa = PBXBuildFile; fileRef = 18BEA12A1B2890DE00AAF580 /* wm_tabbar_class2_new@2x.png */; };
		18BEA13F1B2890DE00AAF580 /* wm_tabbar_class2@2x.png in Resources */ = {isa = PBXBuildFile; fileRef = 18BEA12B1B2890DE00AAF580 /* wm_tabbar_class2@2x.png */; };
		18BEA1401B2890DE00AAF580 /* wm_tabbar_home1_new@2x.png in Resources */ = {isa = PBXBuildFile; fileRef = 18BEA12C1B2890DE00AAF580 /* wm_tabbar_home1_new@2x.png */; };
		18BEA1411B2890DE00AAF580 /* wm_tabbar_home1@2x.png in Resources */ = {isa = PBXBuildFile; fileRef = 18BEA12D1B2890DE00AAF580 /* wm_tabbar_home1@2x.png */; };
		18BEA1421B2890DE00AAF580 /* wm_tabbar_home2_new@2x.png in Resources */ = {isa = PBXBuildFile; fileRef = 18BEA12E1B2890DE00AAF580 /* wm_tabbar_home2_new@2x.png */; };
		18BEA1431B2890DE00AAF580 /* wm_tabbar_home2@2x.png in Resources */ = {isa = PBXBuildFile; fileRef = 18BEA12F1B2890DE00AAF580 /* wm_tabbar_home2@2x.png */; };
		18BEA1441B2890DE00AAF580 /* wm_tabbar_search1_new@2x.png in Resources */ = {isa = PBXBuildFile; fileRef = 18BEA1301B2890DE00AAF580 /* wm_tabbar_search1_new@2x.png */; };
		18BEA1451B2890DE00AAF580 /* wm_tabbar_search1@2x.png in Resources */ = {isa = PBXBuildFile; fileRef = 18BEA1311B2890DE00AAF580 /* wm_tabbar_search1@2x.png */; };
		18BEA1461B2890DE00AAF580 /* wm_tabbar_search2_new@2x.png in Resources */ = {isa = PBXBuildFile; fileRef = 18BEA1321B2890DE00AAF580 /* wm_tabbar_search2_new@2x.png */; };
		18BEA1471B2890DE00AAF580 /* wm_tabbar_search2@2x.png in Resources */ = {isa = PBXBuildFile; fileRef = 18BEA1331B2890DE00AAF580 /* wm_tabbar_search2@2x.png */; };
		18BEA1481B2890DE00AAF580 /* wm_tabbar_user1_new@2x.png in Resources */ = {isa = PBXBuildFile; fileRef = 18BEA1341B2890DE00AAF580 /* wm_tabbar_user1_new@2x.png */; };
		18BEA1491B2890DE00AAF580 /* wm_tabbar_user1@2x.png in Resources */ = {isa = PBXBuildFile; fileRef = 18BEA1351B2890DE00AAF580 /* wm_tabbar_user1@2x.png */; };
		18BEA14A1B2890DE00AAF580 /* wm_tabbar_user2_new@2x.png in Resources */ = {isa = PBXBuildFile; fileRef = 18BEA1361B2890DE00AAF580 /* wm_tabbar_user2_new@2x.png */; };
		18BEA14B1B2890DE00AAF580 /* wm_tabbar_user2@2x.png in Resources */ = {isa = PBXBuildFile; fileRef = 18BEA1371B2890DE00AAF580 /* wm_tabbar_user2@2x.png */; };
/* End PBXBuildFile section */

/* Begin PBXContainerItemProxy section */
		188EE7451B208AE2008D002C /* PBXContainerItemProxy */ = {
			isa = PBXContainerItemProxy;
			containerPortal = 188EE7271B208AE2008D002C /* Project object */;
			proxyType = 1;
			remoteGlobalIDString = 188EE72E1B208AE2008D002C;
			remoteInfo = XianToo;
		};
/* End PBXContainerItemProxy section */

/* Begin PBXFileReference section */
		188EE72F1B208AE2008D002C /* XianToo.app */ = {isa = PBXFileReference; explicitFileType = wrapper.application; includeInIndex = 0; path = XianToo.app; sourceTree = BUILT_PRODUCTS_DIR; };
		188EE7331B208AE2008D002C /* Info.plist */ = {isa = PBXFileReference; lastKnownFileType = text.plist.xml; path = Info.plist; sourceTree = "<group>"; };
		188EE7341B208AE2008D002C /* AppDelegate.swift */ = {isa = PBXFileReference; lastKnownFileType = sourcecode.swift; path = AppDelegate.swift; sourceTree = "<group>"; };
		188EE7361B208AE2008D002C /* ViewController.swift */ = {isa = PBXFileReference; lastKnownFileType = sourcecode.swift; path = ViewController.swift; sourceTree = "<group>"; };
		188EE7391B208AE2008D002C /* Base */ = {isa = PBXFileReference; lastKnownFileType = file.storyboard; name = Base; path = Base.lproj/Main.storyboard; sourceTree = "<group>"; };
		188EE73B1B208AE2008D002C /* Images.xcassets */ = {isa = PBXFileReference; lastKnownFileType = folder.assetcatalog; path = Images.xcassets; sourceTree = "<group>"; };
		188EE73E1B208AE2008D002C /* Base */ = {isa = PBXFileReference; lastKnownFileType = file.xib; name = Base; path = Base.lproj/LaunchScreen.xib; sourceTree = "<group>"; };
		188EE7441B208AE2008D002C /* XianTooTests.xctest */ = {isa = PBXFileReference; explicitFileType = wrapper.cfbundle; includeInIndex = 0; path = XianTooTests.xctest; sourceTree = BUILT_PRODUCTS_DIR; };
		188EE7491B208AE2008D002C /* Info.plist */ = {isa = PBXFileReference; lastKnownFileType = text.plist.xml; path = Info.plist; sourceTree = "<group>"; };
		188EE74A1B208AE2008D002C /* XianTooTests.swift */ = {isa = PBXFileReference; lastKnownFileType = sourcecode.swift; path = XianTooTests.swift; sourceTree = "<group>"; };
		18BEA10E1B27370D00AAF580 /* CategoryController.swift */ = {isa = PBXFileReference; fileEncoding = 4; lastKnownFileType = sourcecode.swift; path = CategoryController.swift; sourceTree = "<group>"; };
		18BEA1101B27372A00AAF580 /* SearchController.swift */ = {isa = PBXFileReference; fileEncoding = 4; lastKnownFileType = sourcecode.swift; path = SearchController.swift; sourceTree = "<group>"; };
		18BEA1121B27374500AAF580 /* UserController.swift */ = {isa = PBXFileReference; fileEncoding = 4; lastKnownFileType = sourcecode.swift; path = UserController.swift; sourceTree = "<group>"; };
		18BEA1141B27378E00AAF580 /* ShopCartController.swift */ = {isa = PBXFileReference; fileEncoding = 4; lastKnownFileType = sourcecode.swift; path = ShopCartController.swift; sourceTree = "<group>"; };
		18BEA1191B287B5E00AAF580 /* list_blue_tab.png */ = {isa = PBXFileReference; lastKnownFileType = image.png; path = list_blue_tab.png; sourceTree = "<group>"; };
		18BEA1241B2890DE00AAF580 /* wm_tabbar_cart1_new@2x.png */ = {isa = PBXFileReference; lastKnownFileType = image.png; path = "wm_tabbar_cart1_new@2x.png"; sourceTree = "<group>"; };
		18BEA1251B2890DE00AAF580 /* wm_tabbar_cart1@2x.png */ = {isa = PBXFileReference; lastKnownFileType = image.png; path = "wm_tabbar_cart1@2x.png"; sourceTree = "<group>"; };
		18BEA1261B2890DE00AAF580 /* wm_tabbar_cart2_new@2x.png */ = {isa = PBXFileReference; lastKnownFileType = image.png; path = "wm_tabbar_cart2_new@2x.png"; sourceTree = "<group>"; };
		18BEA1271B2890DE00AAF580 /* wm_tabbar_cart2@2x.png */ = {isa = PBXFileReference; lastKnownFileType = image.png; path = "wm_tabbar_cart2@2x.png"; sourceTree = "<group>"; };
		18BEA1281B2890DE00AAF580 /* wm_tabbar_class1_new@2x.png */ = {isa = PBXFileReference; lastKnownFileType = image.png; path = "wm_tabbar_class1_new@2x.png"; sourceTree = "<group>"; };
		18BEA1291B2890DE00AAF580 /* wm_tabbar_class1@2x.png */ = {isa = PBXFileReference; lastKnownFileType = image.png; path = "wm_tabbar_class1@2x.png"; sourceTree = "<group>"; };
		18BEA12A1B2890DE00AAF580 /* wm_tabbar_class2_new@2x.png */ = {isa = PBXFileReference; lastKnownFileType = image.png; path = "wm_tabbar_class2_new@2x.png"; sourceTree = "<group>"; };
		18BEA12B1B2890DE00AAF580 /* wm_tabbar_class2@2x.png */ = {isa = PBXFileReference; lastKnownFileType = image.png; path = "wm_tabbar_class2@2x.png"; sourceTree = "<group>"; };
		18BEA12C1B2890DE00AAF580 /* wm_tabbar_home1_new@2x.png */ = {isa = PBXFileReference; lastKnownFileType = image.png; path = "wm_tabbar_home1_new@2x.png"; sourceTree = "<group>"; };
		18BEA12D1B2890DE00AAF580 /* wm_tabbar_home1@2x.png */ = {isa = PBXFileReference; lastKnownFileType = image.png; path = "wm_tabbar_home1@2x.png"; sourceTree = "<group>"; };
		18BEA12E1B2890DE00AAF580 /* wm_tabbar_home2_new@2x.png */ = {isa = PBXFileReference; lastKnownFileType = image.png; path = "wm_tabbar_home2_new@2x.png"; sourceTree = "<group>"; };
		18BEA12F1B2890DE00AAF580 /* wm_tabbar_home2@2x.png */ = {isa = PBXFileReference; lastKnownFileType = image.png; path = "wm_tabbar_home2@2x.png"; sourceTree = "<group>"; };
		18BEA1301B2890DE00AAF580 /* wm_tabbar_search1_new@2x.png */ = {isa = PBXFileReference; lastKnownFileType = image.png; path = "wm_tabbar_search1_new@2x.png"; sourceTree = "<group>"; };
		18BEA1311B2890DE00AAF580 /* wm_tabbar_search1@2x.png */ = {isa = PBXFileReference; lastKnownFileType = image.png; path = "wm_tabbar_search1@2x.png"; sourceTree = "<group>"; };
		18BEA1321B2890DE00AAF580 /* wm_tabbar_search2_new@2x.png */ = {isa = PBXFileReference; lastKnownFileType = image.png; path = "wm_tabbar_search2_new@2x.png"; sourceTree = "<group>"; };
		18BEA1331B2890DE00AAF580 /* wm_tabbar_search2@2x.png */ = {isa = PBXFileReference; lastKnownFileType = image.png; path = "wm_tabbar_search2@2x.png"; sourceTree = "<group>"; };
		18BEA1341B2890DE00AAF580 /* wm_tabbar_user1_new@2x.png */ = {isa = PBXFileReference; lastKnownFileType = image.png; path = "wm_tabbar_user1_new@2x.png"; sourceTree = "<group>"; };
		18BEA1351B2890DE00AAF580 /* wm_tabbar_user1@2x.png */ = {isa = PBXFileReference; lastKnownFileType = image.png; path = "wm_tabbar_user1@2x.png"; sourceTree = "<group>"; };
		18BEA1361B2890DE00AAF580 /* wm_tabbar_user2_new@2x.png */ = {isa = PBXFileReference; lastKnownFileType = image.png; path = "wm_tabbar_user2_new@2x.png"; sourceTree = "<group>"; };
		18BEA1371B2890DE00AAF580 /* wm_tabbar_user2@2x.png */ = {isa = PBXFileReference; lastKnownFileType = image.png; path = "wm_tabbar_user2@2x.png"; sourceTree = "<group>"; };
/* End PBXFileReference section */

/* Begin PBXFrameworksBuildPhase section */
		188EE72C1B208AE2008D002C /* Frameworks */ = {
			isa = PBXFrameworksBuildPhase;
			buildActionMask = 2147483647;
			files = (
			);
			runOnlyForDeploymentPostprocessing = 0;
		};
		188EE7411B208AE2008D002C /* Frameworks */ = {
			isa = PBXFrameworksBuildPhase;
			buildActionMask = 2147483647;
			files = (
			);
			runOnlyForDeploymentPostprocessing = 0;
		};
/* End PBXFrameworksBuildPhase section */

/* Begin PBXGroup section */
		188EE7261B208AE2008D002C = {
			isa = PBXGroup;
			children = (
				188EE7311B208AE2008D002C /* XianToo */,
				188EE7471B208AE2008D002C /* XianTooTests */,
				188EE7301B208AE2008D002C /* Products */,
			);
			sourceTree = "<group>";
		};
		188EE7301B208AE2008D002C /* Products */ = {
			isa = PBXGroup;
			children = (
				188EE72F1B208AE2008D002C /* XianToo.app */,
				188EE7441B208AE2008D002C /* XianTooTests.xctest */,
			);
			name = Products;
			sourceTree = "<group>";
		};
		188EE7311B208AE2008D002C /* XianToo */ = {
			isa = PBXGroup;
			children = (
				18BEA10D1B27369B00AAF580 /* Resource */,
				188EE7361B208AE2008D002C /* ViewController.swift */,
				188EE7381B208AE2008D002C /* Main.storyboard */,
				188EE73D1B208AE2008D002C /* LaunchScreen.xib */,
				188EE7321B208AE2008D002C /* Supporting Files */,
				18BEA10E1B27370D00AAF580 /* CategoryController.swift */,
				18BEA1101B27372A00AAF580 /* SearchController.swift */,
				18BEA1121B27374500AAF580 /* UserController.swift */,
				18BEA1141B27378E00AAF580 /* ShopCartController.swift */,
			);
			path = XianToo;
			sourceTree = "<group>";
		};
		188EE7321B208AE2008D002C /* Supporting Files */ = {
			isa = PBXGroup;
			children = (
				188EE73B1B208AE2008D002C /* Images.xcassets */,
				188EE7341B208AE2008D002C /* AppDelegate.swift */,
				188EE7331B208AE2008D002C /* Info.plist */,
			);
			name = "Supporting Files";
			sourceTree = "<group>";
		};
		188EE7471B208AE2008D002C /* XianTooTests */ = {
			isa = PBXGroup;
			children = (
				188EE74A1B208AE2008D002C /* XianTooTests.swift */,
				188EE7481B208AE2008D002C /* Supporting Files */,
			);
			path = XianTooTests;
			sourceTree = "<group>";
		};
		188EE7481B208AE2008D002C /* Supporting Files */ = {
			isa = PBXGroup;
			children = (
				188EE7491B208AE2008D002C /* Info.plist */,
			);
			name = "Supporting Files";
			sourceTree = "<group>";
		};
		18BEA10D1B27369B00AAF580 /* Resource */ = {
			isa = PBXGroup;
			children = (
				18BEA1181B287B3100AAF580 /* images */,
			);
			name = Resource;
			sourceTree = "<group>";
		};
		18BEA1181B287B3100AAF580 /* images */ = {
			isa = PBXGroup;
			children = (
				18BEA11B1B288FA800AAF580 /* tabbar */,
				18BEA1191B287B5E00AAF580 /* list_blue_tab.png */,
			);
			name = images;
			sourceTree = "<group>";
		};
		18BEA11B1B288FA800AAF580 /* tabbar */ = {
			isa = PBXGroup;
			children = (
				18BEA1241B2890DE00AAF580 /* wm_tabbar_cart1_new@2x.png */,
				18BEA1251B2890DE00AAF580 /* wm_tabbar_cart1@2x.png */,
				18BEA1261B2890DE00AAF580 /* wm_tabbar_cart2_new@2x.png */,
				18BEA1271B2890DE00AAF580 /* wm_tabbar_cart2@2x.png */,
				18BEA1281B2890DE00AAF580 /* wm_tabbar_class1_new@2x.png */,
				18BEA1291B2890DE00AAF580 /* wm_tabbar_class1@2x.png */,
				18BEA12A1B2890DE00AAF580 /* wm_tabbar_class2_new@2x.png */,
				18BEA12B1B2890DE00AAF580 /* wm_tabbar_class2@2x.png */,
				18BEA12C1B2890DE00AAF580 /* wm_tabbar_home1_new@2x.png */,
				18BEA12D1B2890DE00AAF580 /* wm_tabbar_home1@2x.png */,
				18BEA12E1B2890DE00AAF580 /* wm_tabbar_home2_new@2x.png */,
				18BEA12F1B2890DE00AAF580 /* wm_tabbar_home2@2x.png */,
				18BEA1301B2890DE00AAF580 /* wm_tabbar_search1_new@2x.png */,
				18BEA1311B2890DE00AAF580 /* wm_tabbar_search1@2x.png */,
				18BEA1321B2890DE00AAF580 /* wm_tabbar_search2_new@2x.png */,
				18BEA1331B2890DE00AAF580 /* wm_tabbar_search2@2x.png */,
				18BEA1341B2890DE00AAF580 /* wm_tabbar_user1_new@2x.png */,
				18BEA1351B2890DE00AAF580 /* wm_tabbar_user1@2x.png */,
				18BEA1361B2890DE00AAF580 /* wm_tabbar_user2_new@2x.png */,
				18BEA1371B2890DE00AAF580 /* wm_tabbar_user2@2x.png */,
			);
			name = tabbar;
			sourceTree = "<group>";
		};
/* End PBXGroup section */

/* Begin PBXNativeTarget section */
		188EE72E1B208AE2008D002C /* XianToo */ = {
			isa = PBXNativeTarget;
			buildConfigurationList = 188EE74E1B208AE2008D002C /* Build configuration list for PBXNativeTarget "XianToo" */;
			buildPhases = (
				188EE72B1B208AE2008D002C /* Sources */,
				188EE72C1B208AE2008D002C /* Frameworks */,
				188EE72D1B208AE2008D002C /* Resources */,
			);
			buildRules = (
			);
			dependencies = (
			);
			name = XianToo;
			productName = XianToo;
			productReference = 188EE72F1B208AE2008D002C /* XianToo.app */;
			productType = "com.apple.product-type.application";
		};
		188EE7431B208AE2008D002C /* XianTooTests */ = {
			isa = PBXNativeTarget;
			buildConfigurationList = 188EE7511B208AE2008D002C /* Build configuration list for PBXNativeTarget "XianTooTests" */;
			buildPhases = (
				188EE7401B208AE2008D002C /* Sources */,
				188EE7411B208AE2008D002C /* Frameworks */,
				188EE7421B208AE2008D002C /* Resources */,
			);
			buildRules = (
			);
			dependencies = (
				188EE7461B208AE2008D002C /* PBXTargetDependency */,
			);
			name = XianTooTests;
			productName = XianTooTests;
			productReference = 188EE7441B208AE2008D002C /* XianTooTests.xctest */;
			productType = "com.apple.product-type.bundle.unit-test";
		};
/* End PBXNativeTarget section */

/* Begin PBXProject section */
		188EE7271B208AE2008D002C /* Project object */ = {
			isa = PBXProject;
			attributes = {
				LastUpgradeCheck = 0630;
				ORGANIZATIONNAME = "XianToo Ltd";
				TargetAttributes = {
					188EE72E1B208AE2008D002C = {
						CreatedOnToolsVersion = 6.3.2;
					};
					188EE7431B208AE2008D002C = {
						CreatedOnToolsVersion = 6.3.2;
						TestTargetID = 188EE72E1B208AE2008D002C;
					};
				};
			};
			buildConfigurationList = 188EE72A1B208AE2008D002C /* Build configuration list for PBXProject "XianToo" */;
			compatibilityVersion = "Xcode 3.2";
			developmentRegion = English;
			hasScannedForEncodings = 0;
			knownRegions = (
				en,
				Base,
			);
			mainGroup = 188EE7261B208AE2008D002C;
			productRefGroup = 188EE7301B208AE2008D002C /* Products */;
			projectDirPath = "";
			projectRoot = "";
			targets = (
				188EE72E1B208AE2008D002C /* XianToo */,
				188EE7431B208AE2008D002C /* XianTooTests */,
			);
		};
/* End PBXProject section */

/* Begin PBXResourcesBuildPhase section */
		188EE72D1B208AE2008D002C /* Resources */ = {
			isa = PBXResourcesBuildPhase;
			buildActionMask = 2147483647;
			files = (
				18BEA1391B2890DE00AAF580 /* wm_tabbar_cart1@2x.png in Resources */,
				18BEA13D1B2890DE00AAF580 /* wm_tabbar_class1@2x.png in Resources */,
				18BEA1451B2890DE00AAF580 /* wm_tabbar_search1@2x.png in Resources */,
				18BEA14A1B2890DE00AAF580 /* wm_tabbar_user2_new@2x.png in Resources */,
				188EE73A1B208AE2008D002C /* Main.storyboard in Resources */,
				18BEA13C1B2890DE00AAF580 /* wm_tabbar_class1_new@2x.png in Resources */,
				18BEA1441B2890DE00AAF580 /* wm_tabbar_search1_new@2x.png in Resources */,
				18BEA1421B2890DE00AAF580 /* wm_tabbar_home2_new@2x.png in Resources */,
				18BEA13E1B2890DE00AAF580 /* wm_tabbar_class2_new@2x.png in Resources */,
				18BEA11A1B287B5E00AAF580 /* list_blue_tab.png in Resources */,
				18BEA1481B2890DE00AAF580 /* wm_tabbar_user1_new@2x.png in Resources */,
				18BEA13A1B2890DE00AAF580 /* wm_tabbar_cart2_new@2x.png in Resources */,
				18BEA1381B2890DE00AAF580 /* wm_tabbar_cart1_new@2x.png in Resources */,
				18BEA13B1B2890DE00AAF580 /* wm_tabbar_cart2@2x.png in Resources */,
				18BEA1491B2890DE00AAF580 /* wm_tabbar_user1@2x.png in Resources */,
				188EE73F1B208AE2008D002C /* LaunchScreen.xib in Resources */,
				18BEA1401B2890DE00AAF580 /* wm_tabbar_home1_new@2x.png in Resources */,
				18BEA1431B2890DE00AAF580 /* wm_tabbar_home2@2x.png in Resources */,
				18BEA14B1B2890DE00AAF580 /* wm_tabbar_user2@2x.png in Resources */,
				18BEA1471B2890DE00AAF580 /* wm_tabbar_search2@2x.png in Resources */,
				18BEA13F1B2890DE00AAF580 /* wm_tabbar_class2@2x.png in Resources */,
				18BEA1461B2890DE00AAF580 /* wm_tabbar_search2_new@2x.png in Resources */,
				188EE73C1B208AE2008D002C /* Images.xcassets in Resources */,
				18BEA1411B2890DE00AAF580 /* wm_tabbar_home1@2x.png in Resources */,
			);
			runOnlyForDeploymentPostprocessing = 0;
		};
		188EE7421B208AE2008D002C /* Resources */ = {
			isa = PBXResourcesBuildPhase;
			buildActionMask = 2147483647;
			files = (
			);
			runOnlyForDeploymentPostprocessing = 0;
		};
/* End PBXResourcesBuildPhase section */

/* Begin PBXSourcesBuildPhase section */
		188EE72B1B208AE2008D002C /* Sources */ = {
			isa = PBXSourcesBuildPhase;
			buildActionMask = 2147483647;
			files = (
				188EE7371B208AE2008D002C /* ViewController.swift in Sources */,
				18BEA1151B27378E00AAF580 /* ShopCartController.swift in Sources */,
				18BEA1111B27372A00AAF580 /* SearchController.swift in Sources */,
				188EE7351B208AE2008D002C /* AppDelegate.swift in Sources */,
				18BEA1131B27374500AAF580 /* UserController.swift in Sources */,
				18BEA10F1B27370D00AAF580 /* CategoryController.swift in Sources */,
			);
			runOnlyForDeploymentPostprocessing = 0;
		};
		188EE7401B208AE2008D002C /* Sources */ = {
			isa = PBXSourcesBuildPhase;
			buildActionMask = 2147483647;
			files = (
				188EE74B1B208AE2008D002C /* XianTooTests.swift in Sources */,
			);
			runOnlyForDeploymentPostprocessing = 0;
		};
/* End PBXSourcesBuildPhase section */

/* Begin PBXTargetDependency section */
		188EE7461B208AE2008D002C /* PBXTargetDependency */ = {
			isa = PBXTargetDependency;
			target = 188EE72E1B208AE2008D002C /* XianToo */;
			targetProxy = 188EE7451B208AE2008D002C /* PBXContainerItemProxy */;
		};
/* End PBXTargetDependency section */

/* Begin PBXVariantGroup section */
		188EE7381B208AE2008D002C /* Main.storyboard */ = {
			isa = PBXVariantGroup;
			children = (
				188EE7391B208AE2008D002C /* Base */,
			);
			name = Main.storyboard;
			sourceTree = "<group>";
		};
		188EE73D1B208AE2008D002C /* LaunchScreen.xib */ = {
			isa = PBXVariantGroup;
			children = (
				188EE73E1B208AE2008D002C /* Base */,
			);
			name = LaunchScreen.xib;
			sourceTree = "<group>";
		};
/* End PBXVariantGroup section */

/* Begin XCBuildConfiguration section */
		188EE74C1B208AE2008D002C /* Debug */ = {
			isa = XCBuildConfiguration;
			buildSettings = {
				ALWAYS_SEARCH_USER_PATHS = NO;
				CLANG_CXX_LANGUAGE_STANDARD = "gnu++0x";
				CLANG_CXX_LIBRARY = "libc++";
				CLANG_ENABLE_MODULES = YES;
				CLANG_ENABLE_OBJC_ARC = YES;
				CLANG_WARN_BOOL_CONVERSION = YES;
				CLANG_WARN_CONSTANT_CONVERSION = YES;
				CLANG_WARN_DIRECT_OBJC_ISA_USAGE = YES_ERROR;
				CLANG_WARN_EMPTY_BODY = YES;
				CLANG_WARN_ENUM_CONVERSION = YES;
				CLANG_WARN_INT_CONVERSION = YES;
				CLANG_WARN_OBJC_ROOT_CLASS = YES_ERROR;
				CLANG_WARN_UNREACHABLE_CODE = YES;
				CLANG_WARN__DUPLICATE_METHOD_MATCH = YES;
				"CODE_SIGN_IDENTITY[sdk=iphoneos*]" = "iPhone Developer";
				COPY_PHASE_STRIP = NO;
				DEBUG_INFORMATION_FORMAT = "dwarf-with-dsym";
				ENABLE_STRICT_OBJC_MSGSEND = YES;
				GCC_C_LANGUAGE_STANDARD = gnu99;
				GCC_DYNAMIC_NO_PIC = NO;
				GCC_NO_COMMON_BLOCKS = YES;
				GCC_OPTIMIZATION_LEVEL = 0;
				GCC_PREPROCESSOR_DEFINITIONS = (
					"DEBUG=1",
					"$(inherited)",
				);
				GCC_SYMBOLS_PRIVATE_EXTERN = NO;
				GCC_WARN_64_TO_32_BIT_CONVERSION = YES;
				GCC_WARN_ABOUT_RETURN_TYPE = YES_ERROR;
				GCC_WARN_UNDECLARED_SELECTOR = YES;
				GCC_WARN_UNINITIALIZED_AUTOS = YES_AGGRESSIVE;
				GCC_WARN_UNUSED_FUNCTION = YES;
				GCC_WARN_UNUSED_VARIABLE = YES;
				IPHONEOS_DEPLOYMENT_TARGET = 8.3;
				MTL_ENABLE_DEBUG_INFO = YES;
				ONLY_ACTIVE_ARCH = YES;
				SDKROOT = iphoneos;
				SWIFT_OPTIMIZATION_LEVEL = "-Onone";
			};
			name = Debug;
		};
		188EE74D1B208AE2008D002C /* Release */ = {
			isa = XCBuildConfiguration;
			buildSettings = {
				ALWAYS_SEARCH_USER_PATHS = NO;
				CLANG_CXX_LANGUAGE_STANDARD = "gnu++0x";
				CLANG_CXX_LIBRARY = "libc++";
				CLANG_ENABLE_MODULES = YES;
				CLANG_ENABLE_OBJC_ARC = YES;
				CLANG_WARN_BOOL_CONVERSION = YES;
				CLANG_WARN_CONSTANT_CONVERSION = YES;
				CLANG_WARN_DIRECT_OBJC_ISA_USAGE = YES_ERROR;
				CLANG_WARN_EMPTY_BODY = YES;
				CLANG_WARN_ENUM_CONVERSION = YES;
				CLANG_WARN_INT_CONVERSION = YES;
				CLANG_WARN_OBJC_ROOT_CLASS = YES_ERROR;
				CLANG_WARN_UNREACHABLE_CODE = YES;
				CLANG_WARN__DUPLICATE_METHOD_MATCH = YES;
				"CODE_SIGN_IDENTITY[sdk=iphoneos*]" = "iPhone Developer";
				COPY_PHASE_STRIP = NO;
				DEBUG_INFORMATION_FORMAT = "dwarf-with-dsym";
				ENABLE_NS_ASSERTIONS = NO;
				ENABLE_STRICT_OBJC_MSGSEND = YES;
				GCC_C_LANGUAGE_STANDARD = gnu99;
				GCC_NO_COMMON_BLOCKS = YES;
				GCC_WARN_64_TO_32_BIT_CONVERSION = YES;
				GCC_WARN_ABOUT_RETURN_TYPE = YES_ERROR;
				GCC_WARN_UNDECLARED_SELECTOR = YES;
				GCC_WARN_UNINITIALIZED_AUTOS = YES_AGGRESSIVE;
				GCC_WARN_UNUSED_FUNCTION = YES;
				GCC_WARN_UNUSED_VARIABLE = YES;
				IPHONEOS_DEPLOYMENT_TARGET = 8.3;
				MTL_ENABLE_DEBUG_INFO = NO;
				SDKROOT = iphoneos;
				VALIDATE_PRODUCT = YES;
			};
			name = Release;
		};
		188EE74F1B208AE2008D002C /* Debug */ = {
			isa = XCBuildConfiguration;
			buildSettings = {
				ASSETCATALOG_COMPILER_APPICON_NAME = AppIcon;
				INFOPLIST_FILE = XianToo/Info.plist;
				LD_RUNPATH_SEARCH_PATHS = "$(inherited) @executable_path/Frameworks";
				PRODUCT_NAME = "$(TARGET_NAME)";
			};
			name = Debug;
		};
		188EE7501B208AE2008D002C /* Release */ = {
			isa = XCBuildConfiguration;
			buildSettings = {
				ASSETCATALOG_COMPILER_APPICON_NAME = AppIcon;
				INFOPLIST_FILE = XianToo/Info.plist;
				LD_RUNPATH_SEARCH_PATHS = "$(inherited) @executable_path/Frameworks";
				PRODUCT_NAME = "$(TARGET_NAME)";
			};
			name = Release;
		};
		188EE7521B208AE2008D002C /* Debug */ = {
			isa = XCBuildConfiguration;
			buildSettings = {
				BUNDLE_LOADER = "$(TEST_HOST)";
				FRAMEWORK_SEARCH_PATHS = (
					"$(SDKROOT)/Developer/Library/Frameworks",
					"$(inherited)",
				);
				GCC_PREPROCESSOR_DEFINITIONS = (
					"DEBUG=1",
					"$(inherited)",
				);
				INFOPLIST_FILE = XianTooTests/Info.plist;
				LD_RUNPATH_SEARCH_PATHS = "$(inherited) @executable_path/Frameworks @loader_path/Frameworks";
				PRODUCT_NAME = "$(TARGET_NAME)";
				TEST_HOST = "$(BUILT_PRODUCTS_DIR)/XianToo.app/XianToo";
			};
			name = Debug;
		};
		188EE7531B208AE2008D002C /* Release */ = {
			isa = XCBuildConfiguration;
			buildSettings = {
				BUNDLE_LOADER = "$(TEST_HOST)";
				FRAMEWORK_SEARCH_PATHS = (
					"$(SDKROOT)/Developer/Library/Frameworks",
					"$(inherited)",
				);
				INFOPLIST_FILE = XianTooTests/Info.plist;
				LD_RUNPATH_SEARCH_PATHS = "$(inherited) @executable_path/Frameworks @loader_path/Frameworks";
				PRODUCT_NAME = "$(TARGET_NAME)";
				TEST_HOST = "$(BUILT_PRODUCTS_DIR)/XianToo.app/XianToo";
			};
			name = Release;
		};
/* End XCBuildConfiguration section */

/* Begin XCConfigurationList section */
		188EE72A1B208AE2008D002C /* Build configuration list for PBXProject "XianToo" */ = {
			isa = XCConfigurationList;
			buildConfigurations = (
				188EE74C1B208AE2008D002C /* Debug */,
				188EE74D1B208AE2008D002C /* Release */,
			);
			defaultConfigurationIsVisible = 0;
			defaultConfigurationName = Release;
		};
		188EE74E1B208AE2008D002C /* Build configuration list for PBXNativeTarget "XianToo" */ = {
			isa = XCConfigurationList;
			buildConfigurations = (
				188EE74F1B208AE2008D002C /* Debug */,
				188EE7501B208AE2008D002C /* Release */,
			);
			defaultConfigurationIsVisible = 0;
			defaultConfigurationName = Release;
		};
		188EE7511B208AE2008D002C /* Build configuration list for PBXNativeTarget "XianTooTests" */ = {
			isa = XCConfigurationList;
			buildConfigurations = (
				188EE7521B208AE2008D002C /* Debug */,
				188EE7531B208AE2008D002C /* Release */,
			);
			defaultConfigurationIsVisible = 0;
			defaultConfigurationName = Release;
		};
/* End XCConfigurationList section */
	};
	rootObject = 188EE7271B208AE2008D002C /* Project object */;
}
